// !$*UTF8*$!
{
	archiveVersion = 1;
	classes = {
	};
	objectVersion = 56;
	objects = {

/* Begin PBXBuildFile section */
		3F0F5C5A29F70B7100377422 /* InstructionLecturesApp.swift in Sources */ = {isa = PBXBuildFile; fileRef = 3F0F5C5929F70B7100377422 /* InstructionLecturesApp.swift */; };
		3F0F5C5E29F70B7200377422 /* Assets.xcassets in Resources */ = {isa = PBXBuildFile; fileRef = 3F0F5C5D29F70B7200377422 /* Assets.xcassets */; };
		3F0F5C6129F70B7200377422 /* Preview Assets.xcassets in Resources */ = {isa = PBXBuildFile; fileRef = 3F0F5C6029F70B7200377422 /* Preview Assets.xcassets */; };
		3F0F5C6B29F70D1B00377422 /* Constants.swift in Sources */ = {isa = PBXBuildFile; fileRef = 3F0F5C6A29F70D1B00377422 /* Constants.swift */; };
		3F0F5C6D29F70E3400377422 /* HomeView.swift in Sources */ = {isa = PBXBuildFile; fileRef = 3F0F5C6C29F70E3400377422 /* HomeView.swift */; };
		3F0F5C6F29F7118F00377422 /* CheckSplit.swift in Sources */ = {isa = PBXBuildFile; fileRef = 3F0F5C6E29F7118F00377422 /* CheckSplit.swift */; };
		3F16F6BC2A043F740000CBC3 /* ShapeUpView.swift in Sources */ = {isa = PBXBuildFile; fileRef = 3F16F6BB2A043F740000CBC3 /* ShapeUpView.swift */; };
		3F16F6BE2A0440260000CBC3 /* ShapeUpViewModel.swift in Sources */ = {isa = PBXBuildFile; fileRef = 3F16F6BD2A0440260000CBC3 /* ShapeUpViewModel.swift */; };
		3F8BAAD32A42334F002812EE /* NavigationMethods.swift in Sources */ = {isa = PBXBuildFile; fileRef = 3F8BAAD22A42334F002812EE /* NavigationMethods.swift */; };
		3F8BAAF52A4255E8002812EE /* NavigationRouter in Frameworks */ = {isa = PBXBuildFile; productRef = 3F8BAAF42A4255E8002812EE /* NavigationRouter */; };
		AA1E23742A93F6C4001D2FFF /* CompaniesView.swift in Sources */ = {isa = PBXBuildFile; fileRef = AA1E23732A93F6C4001D2FFF /* CompaniesView.swift */; };
		AA7B0ACD2A953FE000094AE7 /* CompaniesTest2.swift in Sources */ = {isa = PBXBuildFile; fileRef = AA7B0ACC2A953FE000094AE7 /* CompaniesTest2.swift */; };
		AA7B0ACF2A95419B00094AE7 /* ColorToHex.swift in Sources */ = {isa = PBXBuildFile; fileRef = AA7B0ACE2A95419B00094AE7 /* ColorToHex.swift */; };
		AA7B0AD32A954C4000094AE7 /* Company.swift in Sources */ = {isa = PBXBuildFile; fileRef = AA7B0AD22A954C4000094AE7 /* Company.swift */; };
		AA7B0ADE2A955DE500094AE7 /* DoughnutContainer.xcdatamodeld in Sources */ = {isa = PBXBuildFile; fileRef = AA7B0ADC2A955DE500094AE7 /* DoughnutContainer.xcdatamodeld */; };
/* End PBXBuildFile section */

/* Begin PBXFileReference section */
		3F0F5C5629F70B7100377422 /* InstructionLectures.app */ = {isa = PBXFileReference; explicitFileType = wrapper.application; includeInIndex = 0; path = InstructionLectures.app; sourceTree = BUILT_PRODUCTS_DIR; };
		3F0F5C5929F70B7100377422 /* InstructionLecturesApp.swift */ = {isa = PBXFileReference; lastKnownFileType = sourcecode.swift; path = InstructionLecturesApp.swift; sourceTree = "<group>"; };
		3F0F5C5D29F70B7200377422 /* Assets.xcassets */ = {isa = PBXFileReference; lastKnownFileType = folder.assetcatalog; path = Assets.xcassets; sourceTree = "<group>"; };
		3F0F5C6029F70B7200377422 /* Preview Assets.xcassets */ = {isa = PBXFileReference; lastKnownFileType = folder.assetcatalog; path = "Preview Assets.xcassets"; sourceTree = "<group>"; };
		3F0F5C6A29F70D1B00377422 /* Constants.swift */ = {isa = PBXFileReference; lastKnownFileType = sourcecode.swift; path = Constants.swift; sourceTree = "<group>"; };
		3F0F5C6C29F70E3400377422 /* HomeView.swift */ = {isa = PBXFileReference; lastKnownFileType = sourcecode.swift; path = HomeView.swift; sourceTree = "<group>"; };
		3F0F5C6E29F7118F00377422 /* CheckSplit.swift */ = {isa = PBXFileReference; lastKnownFileType = sourcecode.swift; path = CheckSplit.swift; sourceTree = "<group>"; };
		3F16F6BB2A043F740000CBC3 /* ShapeUpView.swift */ = {isa = PBXFileReference; lastKnownFileType = sourcecode.swift; path = ShapeUpView.swift; sourceTree = "<group>"; };
		3F16F6BD2A0440260000CBC3 /* ShapeUpViewModel.swift */ = {isa = PBXFileReference; lastKnownFileType = sourcecode.swift; path = ShapeUpViewModel.swift; sourceTree = "<group>"; };
		3F8BAAD22A42334F002812EE /* NavigationMethods.swift */ = {isa = PBXFileReference; lastKnownFileType = sourcecode.swift; path = NavigationMethods.swift; sourceTree = "<group>"; };
		AA1E23732A93F6C4001D2FFF /* CompaniesView.swift */ = {isa = PBXFileReference; lastKnownFileType = sourcecode.swift; path = CompaniesView.swift; sourceTree = "<group>"; };
		AA7B0ACC2A953FE000094AE7 /* CompaniesTest2.swift */ = {isa = PBXFileReference; lastKnownFileType = sourcecode.swift; path = CompaniesTest2.swift; sourceTree = "<group>"; };
		AA7B0ACE2A95419B00094AE7 /* ColorToHex.swift */ = {isa = PBXFileReference; lastKnownFileType = sourcecode.swift; path = ColorToHex.swift; sourceTree = "<group>"; };
		AA7B0AD22A954C4000094AE7 /* Company.swift */ = {isa = PBXFileReference; lastKnownFileType = sourcecode.swift; path = Company.swift; sourceTree = "<group>"; };
		AA7B0ADD2A955DE500094AE7 /* DoughnutContainer.xcdatamodel */ = {isa = PBXFileReference; lastKnownFileType = wrapper.xcdatamodel; path = DoughnutContainer.xcdatamodel; sourceTree = "<group>"; };
/* End PBXFileReference section */

/* Begin PBXFrameworksBuildPhase section */
		3F0F5C5329F70B7100377422 /* Frameworks */ = {
			isa = PBXFrameworksBuildPhase;
			buildActionMask = 2147483647;
			files = (
				3F8BAAF52A4255E8002812EE /* NavigationRouter in Frameworks */,
			);
			runOnlyForDeploymentPostprocessing = 0;
		};
/* End PBXFrameworksBuildPhase section */

/* Begin PBXGroup section */
		3F0F5C4D29F70B7100377422 = {
			isa = PBXGroup;
			children = (
				3F0F5C5829F70B7100377422 /* InstructionLectures */,
				3F0F5C5729F70B7100377422 /* Products */,
			);
			sourceTree = "<group>";
		};
		3F0F5C5729F70B7100377422 /* Products */ = {
			isa = PBXGroup;
			children = (
				3F0F5C5629F70B7100377422 /* InstructionLectures.app */,
			);
			name = Products;
			sourceTree = "<group>";
		};
		3F0F5C5829F70B7100377422 /* InstructionLectures */ = {
			isa = PBXGroup;
			children = (
				AA1E23722A93F5F4001D2FFF /* Companies */,
				3F8BAAD12A42333C002812EE /* Navigation */,
				3F0F5C6929F70CEF00377422 /* Constants */,
				3F0F5C6829F70CBA00377422 /* ProjectSetup */,
				3F0F5C6729F70C9900377422 /* InstructorLectures */,
				3F0F5C5929F70B7100377422 /* InstructionLecturesApp.swift */,
				3F0F5C5D29F70B7200377422 /* Assets.xcassets */,
				3F0F5C5F29F70B7200377422 /* Preview Content */,
			);
			path = InstructionLectures;
			sourceTree = "<group>";
		};
		3F0F5C5F29F70B7200377422 /* Preview Content */ = {
			isa = PBXGroup;
			children = (
				3F0F5C6029F70B7200377422 /* Preview Assets.xcassets */,
			);
			path = "Preview Content";
			sourceTree = "<group>";
		};
		3F0F5C6729F70C9900377422 /* InstructorLectures */ = {
			isa = PBXGroup;
			children = (
				AA7B0AD72A955D1100094AE7 /* CoreDataDemo */,
				3F16F6BA2A043F620000CBC3 /* ShapeUp */,
				3F0F5C6E29F7118F00377422 /* CheckSplit.swift */,
			);
			path = InstructorLectures;
			sourceTree = "<group>";
		};
		3F0F5C6829F70CBA00377422 /* ProjectSetup */ = {
			isa = PBXGroup;
			children = (
				3F0F5C6C29F70E3400377422 /* HomeView.swift */,
			);
			path = ProjectSetup;
			sourceTree = "<group>";
		};
		3F0F5C6929F70CEF00377422 /* Constants */ = {
			isa = PBXGroup;
			children = (
				3F0F5C6A29F70D1B00377422 /* Constants.swift */,
			);
			path = Constants;
			sourceTree = "<group>";
		};
		3F16F6BA2A043F620000CBC3 /* ShapeUp */ = {
			isa = PBXGroup;
			children = (
				3F16F6BB2A043F740000CBC3 /* ShapeUpView.swift */,
				3F16F6BD2A0440260000CBC3 /* ShapeUpViewModel.swift */,
			);
			path = ShapeUp;
			sourceTree = "<group>";
		};
		3F8BAAD12A42333C002812EE /* Navigation */ = {
			isa = PBXGroup;
			children = (
				3F8BAAD22A42334F002812EE /* NavigationMethods.swift */,
			);
			path = Navigation;
			sourceTree = "<group>";
		};
		AA1E23722A93F5F4001D2FFF /* Companies */ = {
			isa = PBXGroup;
			children = (
				AA1E23732A93F6C4001D2FFF /* CompaniesView.swift */,
				AA7B0ACC2A953FE000094AE7 /* CompaniesTest2.swift */,
				AA7B0ACE2A95419B00094AE7 /* ColorToHex.swift */,
				AA7B0AD22A954C4000094AE7 /* Company.swift */,
			);
			path = Companies;
			sourceTree = "<group>";
		};
		AA7B0AD72A955D1100094AE7 /* CoreDataDemo */ = {
			isa = PBXGroup;
			children = (
				AA7B0ADB2A955D5300094AE7 /* Model */,
				AA7B0ADA2A955D4700094AE7 /* ViewModel */,
				AA7B0AD92A955D3C00094AE7 /* View */,
				AA7B0AD82A955D3000094AE7 /* Managers */,
			);
			path = CoreDataDemo;
			sourceTree = "<group>";
		};
		AA7B0AD82A955D3000094AE7 /* Managers */ = {
			isa = PBXGroup;
			children = (
			);
			path = Managers;
			sourceTree = "<group>";
		};
		AA7B0AD92A955D3C00094AE7 /* View */ = {
			isa = PBXGroup;
			children = (
			);
			path = View;
			sourceTree = "<group>";
		};
		AA7B0ADA2A955D4700094AE7 /* ViewModel */ = {
			isa = PBXGroup;
			children = (
			);
			path = ViewModel;
			sourceTree = "<group>";
		};
		AA7B0ADB2A955D5300094AE7 /* Model */ = {
			isa = PBXGroup;
			children = (
				AA7B0ADC2A955DE500094AE7 /* DoughnutContainer.xcdatamodeld */,
			);
			path = Model;
			sourceTree = "<group>";
		};
/* End PBXGroup section */

/* Begin PBXNativeTarget section */
		3F0F5C5529F70B7100377422 /* InstructionLectures */ = {
			isa = PBXNativeTarget;
			buildConfigurationList = 3F0F5C6429F70B7200377422 /* Build configuration list for PBXNativeTarget "InstructionLectures" */;
			buildPhases = (
				3F0F5C5229F70B7100377422 /* Sources */,
				3F0F5C5329F70B7100377422 /* Frameworks */,
				3F0F5C5429F70B7100377422 /* Resources */,
			);
			buildRules = (
			);
			dependencies = (
			);
			name = InstructionLectures;
			packageProductDependencies = (
				3F8BAAF42A4255E8002812EE /* NavigationRouter */,
			);
			productName = InstructionLectures;
			productReference = 3F0F5C5629F70B7100377422 /* InstructionLectures.app */;
			productType = "com.apple.product-type.application";
		};
/* End PBXNativeTarget section */

/* Begin PBXProject section */
		3F0F5C4E29F70B7100377422 /* Project object */ = {
			isa = PBXProject;
			attributes = {
				BuildIndependentTargetsInParallel = 1;
				LastSwiftUpdateCheck = 1420;
				LastUpgradeCheck = 1420;
				TargetAttributes = {
					3F0F5C5529F70B7100377422 = {
						CreatedOnToolsVersion = 14.2;
					};
				};
			};
			buildConfigurationList = 3F0F5C5129F70B7100377422 /* Build configuration list for PBXProject "InstructionLectures" */;
			compatibilityVersion = "Xcode 14.0";
			developmentRegion = en;
			hasScannedForEncodings = 0;
			knownRegions = (
				en,
				Base,
			);
			mainGroup = 3F0F5C4D29F70B7100377422;
			packageReferences = (
				3F8BAAF32A4255E8002812EE /* XCRemoteSwiftPackageReference "SwiftUI-Navigation-Router" */,
			);
			productRefGroup = 3F0F5C5729F70B7100377422 /* Products */;
			projectDirPath = "";
			projectRoot = "";
			targets = (
				3F0F5C5529F70B7100377422 /* InstructionLectures */,
			);
		};
/* End PBXProject section */

/* Begin PBXResourcesBuildPhase section */
		3F0F5C5429F70B7100377422 /* Resources */ = {
			isa = PBXResourcesBuildPhase;
			buildActionMask = 2147483647;
			files = (
				3F0F5C6129F70B7200377422 /* Preview Assets.xcassets in Resources */,
				3F0F5C5E29F70B7200377422 /* Assets.xcassets in Resources */,
			);
			runOnlyForDeploymentPostprocessing = 0;
		};
/* End PBXResourcesBuildPhase section */

/* Begin PBXSourcesBuildPhase section */
		3F0F5C5229F70B7100377422 /* Sources */ = {
			isa = PBXSourcesBuildPhase;
			buildActionMask = 2147483647;
			files = (
				AA1E23742A93F6C4001D2FFF /* CompaniesView.swift in Sources */,
				3F8BAAD32A42334F002812EE /* NavigationMethods.swift in Sources */,
				AA7B0ACF2A95419B00094AE7 /* ColorToHex.swift in Sources */,
				AA7B0ADE2A955DE500094AE7 /* DoughnutContainer.xcdatamodeld in Sources */,
				AA7B0ACD2A953FE000094AE7 /* CompaniesTest2.swift in Sources */,
				3F0F5C6D29F70E3400377422 /* HomeView.swift in Sources */,
				3F16F6BE2A0440260000CBC3 /* ShapeUpViewModel.swift in Sources */,
				3F0F5C6F29F7118F00377422 /* CheckSplit.swift in Sources */,
				3F0F5C5A29F70B7100377422 /* InstructionLecturesApp.swift in Sources */,
				AA7B0AD32A954C4000094AE7 /* Company.swift in Sources */,
				3F0F5C6B29F70D1B00377422 /* Constants.swift in Sources */,
				3F16F6BC2A043F740000CBC3 /* ShapeUpView.swift in Sources */,
			);
			runOnlyForDeploymentPostprocessing = 0;
		};
/* End PBXSourcesBuildPhase section */

/* Begin XCBuildConfiguration section */
		3F0F5C6229F70B7200377422 /* Debug */ = {
			isa = XCBuildConfiguration;
			buildSettings = {
				ALWAYS_SEARCH_USER_PATHS = NO;
				CLANG_ANALYZER_NONNULL = YES;
				CLANG_ANALYZER_NUMBER_OBJECT_CONVERSION = YES_AGGRESSIVE;
				CLANG_CXX_LANGUAGE_STANDARD = "gnu++20";
				CLANG_ENABLE_MODULES = YES;
				CLANG_ENABLE_OBJC_ARC = YES;
				CLANG_ENABLE_OBJC_WEAK = YES;
				CLANG_WARN_BLOCK_CAPTURE_AUTORELEASING = YES;
				CLANG_WARN_BOOL_CONVERSION = YES;
				CLANG_WARN_COMMA = YES;
				CLANG_WARN_CONSTANT_CONVERSION = YES;
				CLANG_WARN_DEPRECATED_OBJC_IMPLEMENTATIONS = YES;
				CLANG_WARN_DIRECT_OBJC_ISA_USAGE = YES_ERROR;
				CLANG_WARN_DOCUMENTATION_COMMENTS = YES;
				CLANG_WARN_EMPTY_BODY = YES;
				CLANG_WARN_ENUM_CONVERSION = YES;
				CLANG_WARN_INFINITE_RECURSION = YES;
				CLANG_WARN_INT_CONVERSION = YES;
				CLANG_WARN_NON_LITERAL_NULL_CONVERSION = YES;
				CLANG_WARN_OBJC_IMPLICIT_RETAIN_SELF = YES;
				CLANG_WARN_OBJC_LITERAL_CONVERSION = YES;
				CLANG_WARN_OBJC_ROOT_CLASS = YES_ERROR;
				CLANG_WARN_QUOTED_INCLUDE_IN_FRAMEWORK_HEADER = YES;
				CLANG_WARN_RANGE_LOOP_ANALYSIS = YES;
				CLANG_WARN_STRICT_PROTOTYPES = YES;
				CLANG_WARN_SUSPICIOUS_MOVE = YES;
				CLANG_WARN_UNGUARDED_AVAILABILITY = YES_AGGRESSIVE;
				CLANG_WARN_UNREACHABLE_CODE = YES;
				CLANG_WARN__DUPLICATE_METHOD_MATCH = YES;
				COPY_PHASE_STRIP = NO;
				DEBUG_INFORMATION_FORMAT = dwarf;
				ENABLE_STRICT_OBJC_MSGSEND = YES;
				ENABLE_TESTABILITY = YES;
				GCC_C_LANGUAGE_STANDARD = gnu11;
				GCC_DYNAMIC_NO_PIC = NO;
				GCC_NO_COMMON_BLOCKS = YES;
				GCC_OPTIMIZATION_LEVEL = 0;
				GCC_PREPROCESSOR_DEFINITIONS = (
					"DEBUG=1",
					"$(inherited)",
				);
				GCC_WARN_64_TO_32_BIT_CONVERSION = YES;
				GCC_WARN_ABOUT_RETURN_TYPE = YES_ERROR;
				GCC_WARN_UNDECLARED_SELECTOR = YES;
				GCC_WARN_UNINITIALIZED_AUTOS = YES_AGGRESSIVE;
				GCC_WARN_UNUSED_FUNCTION = YES;
				GCC_WARN_UNUSED_VARIABLE = YES;
				IPHONEOS_DEPLOYMENT_TARGET = 16.2;
				MTL_ENABLE_DEBUG_INFO = INCLUDE_SOURCE;
				MTL_FAST_MATH = YES;
				ONLY_ACTIVE_ARCH = YES;
				SDKROOT = iphoneos;
				SWIFT_ACTIVE_COMPILATION_CONDITIONS = DEBUG;
				SWIFT_OPTIMIZATION_LEVEL = "-Onone";
			};
			name = Debug;
		};
		3F0F5C6329F70B7200377422 /* Release */ = {
			isa = XCBuildConfiguration;
			buildSettings = {
				ALWAYS_SEARCH_USER_PATHS = NO;
				CLANG_ANALYZER_NONNULL = YES;
				CLANG_ANALYZER_NUMBER_OBJECT_CONVERSION = YES_AGGRESSIVE;
				CLANG_CXX_LANGUAGE_STANDARD = "gnu++20";
				CLANG_ENABLE_MODULES = YES;
				CLANG_ENABLE_OBJC_ARC = YES;
				CLANG_ENABLE_OBJC_WEAK = YES;
				CLANG_WARN_BLOCK_CAPTURE_AUTORELEASING = YES;
				CLANG_WARN_BOOL_CONVERSION = YES;
				CLANG_WARN_COMMA = YES;
				CLANG_WARN_CONSTANT_CONVERSION = YES;
				CLANG_WARN_DEPRECATED_OBJC_IMPLEMENTATIONS = YES;
				CLANG_WARN_DIRECT_OBJC_ISA_USAGE = YES_ERROR;
				CLANG_WARN_DOCUMENTATION_COMMENTS = YES;
				CLANG_WARN_EMPTY_BODY = YES;
				CLANG_WARN_ENUM_CONVERSION = YES;
				CLANG_WARN_INFINITE_RECURSION = YES;
				CLANG_WARN_INT_CONVERSION = YES;
				CLANG_WARN_NON_LITERAL_NULL_CONVERSION = YES;
				CLANG_WARN_OBJC_IMPLICIT_RETAIN_SELF = YES;
				CLANG_WARN_OBJC_LITERAL_CONVERSION = YES;
				CLANG_WARN_OBJC_ROOT_CLASS = YES_ERROR;
				CLANG_WARN_QUOTED_INCLUDE_IN_FRAMEWORK_HEADER = YES;
				CLANG_WARN_RANGE_LOOP_ANALYSIS = YES;
				CLANG_WARN_STRICT_PROTOTYPES = YES;
				CLANG_WARN_SUSPICIOUS_MOVE = YES;
				CLANG_WARN_UNGUARDED_AVAILABILITY = YES_AGGRESSIVE;
				CLANG_WARN_UNREACHABLE_CODE = YES;
				CLANG_WARN__DUPLICATE_METHOD_MATCH = YES;
				COPY_PHASE_STRIP = NO;
				DEBUG_INFORMATION_FORMAT = "dwarf-with-dsym";
				ENABLE_NS_ASSERTIONS = NO;
				ENABLE_STRICT_OBJC_MSGSEND = YES;
				GCC_C_LANGUAGE_STANDARD = gnu11;
				GCC_NO_COMMON_BLOCKS = YES;
				GCC_WARN_64_TO_32_BIT_CONVERSION = YES;
				GCC_WARN_ABOUT_RETURN_TYPE = YES_ERROR;
				GCC_WARN_UNDECLARED_SELECTOR = YES;
				GCC_WARN_UNINITIALIZED_AUTOS = YES_AGGRESSIVE;
				GCC_WARN_UNUSED_FUNCTION = YES;
				GCC_WARN_UNUSED_VARIABLE = YES;
				IPHONEOS_DEPLOYMENT_TARGET = 16.2;
				MTL_ENABLE_DEBUG_INFO = NO;
				MTL_FAST_MATH = YES;
				SDKROOT = iphoneos;
				SWIFT_COMPILATION_MODE = wholemodule;
				SWIFT_OPTIMIZATION_LEVEL = "-O";
				VALIDATE_PRODUCT = YES;
			};
			name = Release;
		};
		3F0F5C6529F70B7200377422 /* Debug */ = {
			isa = XCBuildConfiguration;
			buildSettings = {
				ASSETCATALOG_COMPILER_APPICON_NAME = AppIcon;
				ASSETCATALOG_COMPILER_GLOBAL_ACCENT_COLOR_NAME = AccentColor;
				CODE_SIGN_STYLE = Automatic;
				CURRENT_PROJECT_VERSION = 1;
				DEVELOPMENT_ASSET_PATHS = "\"InstructionLectures/Preview Content\"";
				DEVELOPMENT_TEAM = 4GQG4DMLSA;
				ENABLE_PREVIEWS = YES;
				GENERATE_INFOPLIST_FILE = YES;
				INFOPLIST_KEY_UIApplicationSceneManifest_Generation = YES;
				INFOPLIST_KEY_UIApplicationSupportsIndirectInputEvents = YES;
				INFOPLIST_KEY_UILaunchScreen_Generation = YES;
				INFOPLIST_KEY_UISupportedInterfaceOrientations_iPad = "UIInterfaceOrientationPortrait UIInterfaceOrientationPortraitUpsideDown UIInterfaceOrientationLandscapeLeft UIInterfaceOrientationLandscapeRight";
				INFOPLIST_KEY_UISupportedInterfaceOrientations_iPhone = "UIInterfaceOrientationPortrait UIInterfaceOrientationLandscapeLeft UIInterfaceOrientationLandscapeRight";
				LD_RUNPATH_SEARCH_PATHS = (
					"$(inherited)",
					"@executable_path/Frameworks",
				);
				MARKETING_VERSION = 1.0;
				PRODUCT_BUNDLE_IDENTIFIER = edu.dixietech.ForrestArnold.InstructionLectures;
				PRODUCT_NAME = "$(TARGET_NAME)";
				SWIFT_EMIT_LOC_STRINGS = YES;
				SWIFT_VERSION = 5.0;
				TARGETED_DEVICE_FAMILY = "1,2";
			};
			name = Debug;
		};
		3F0F5C6629F70B7200377422 /* Release */ = {
			isa = XCBuildConfiguration;
			buildSettings = {
				ASSETCATALOG_COMPILER_APPICON_NAME = AppIcon;
				ASSETCATALOG_COMPILER_GLOBAL_ACCENT_COLOR_NAME = AccentColor;
				CODE_SIGN_STYLE = Automatic;
				CURRENT_PROJECT_VERSION = 1;
				DEVELOPMENT_ASSET_PATHS = "\"InstructionLectures/Preview Content\"";
				DEVELOPMENT_TEAM = 4GQG4DMLSA;
				ENABLE_PREVIEWS = YES;
				GENERATE_INFOPLIST_FILE = YES;
				INFOPLIST_KEY_UIApplicationSceneManifest_Generation = YES;
				INFOPLIST_KEY_UIApplicationSupportsIndirectInputEvents = YES;
				INFOPLIST_KEY_UILaunchScreen_Generation = YES;
				INFOPLIST_KEY_UISupportedInterfaceOrientations_iPad = "UIInterfaceOrientationPortrait UIInterfaceOrientationPortraitUpsideDown UIInterfaceOrientationLandscapeLeft UIInterfaceOrientationLandscapeRight";
				INFOPLIST_KEY_UISupportedInterfaceOrientations_iPhone = "UIInterfaceOrientationPortrait UIInterfaceOrientationLandscapeLeft UIInterfaceOrientationLandscapeRight";
				LD_RUNPATH_SEARCH_PATHS = (
					"$(inherited)",
					"@executable_path/Frameworks",
				);
				MARKETING_VERSION = 1.0;
				PRODUCT_BUNDLE_IDENTIFIER = edu.dixietech.ForrestArnold.InstructionLectures;
				PRODUCT_NAME = "$(TARGET_NAME)";
				SWIFT_EMIT_LOC_STRINGS = YES;
				SWIFT_VERSION = 5.0;
				TARGETED_DEVICE_FAMILY = "1,2";
			};
			name = Release;
		};
/* End XCBuildConfiguration section */

/* Begin XCConfigurationList section */
		3F0F5C5129F70B7100377422 /* Build configuration list for PBXProject "InstructionLectures" */ = {
			isa = XCConfigurationList;
			buildConfigurations = (
				3F0F5C6229F70B7200377422 /* Debug */,
				3F0F5C6329F70B7200377422 /* Release */,
			);
			defaultConfigurationIsVisible = 0;
			defaultConfigurationName = Release;
		};
		3F0F5C6429F70B7200377422 /* Build configuration list for PBXNativeTarget "InstructionLectures" */ = {
			isa = XCConfigurationList;
			buildConfigurations = (
				3F0F5C6529F70B7200377422 /* Debug */,
				3F0F5C6629F70B7200377422 /* Release */,
			);
			defaultConfigurationIsVisible = 0;
			defaultConfigurationName = Release;
		};
/* End XCConfigurationList section */

/* Begin XCRemoteSwiftPackageReference section */
		3F8BAAF32A4255E8002812EE /* XCRemoteSwiftPackageReference "SwiftUI-Navigation-Router" */ = {
			isa = XCRemoteSwiftPackageReference;
			repositoryURL = "https://github.com/Lukas-Simonson/SwiftUI-Navigation-Router.git";
			requirement = {
				branch = main;
				kind = branch;
			};
		};
/* End XCRemoteSwiftPackageReference section */

/* Begin XCSwiftPackageProductDependency section */
		3F8BAAF42A4255E8002812EE /* NavigationRouter */ = {
			isa = XCSwiftPackageProductDependency;
			package = 3F8BAAF32A4255E8002812EE /* XCRemoteSwiftPackageReference "SwiftUI-Navigation-Router" */;
			productName = NavigationRouter;
		};
/* End XCSwiftPackageProductDependency section */

/* Begin XCVersionGroup section */
		AA7B0ADC2A955DE500094AE7 /* DoughnutContainer.xcdatamodeld */ = {
			isa = XCVersionGroup;
			children = (
				AA7B0ADD2A955DE500094AE7 /* DoughnutContainer.xcdatamodel */,
			);
			currentVersion = AA7B0ADD2A955DE500094AE7 /* DoughnutContainer.xcdatamodel */;
			path = DoughnutContainer.xcdatamodeld;
			sourceTree = "<group>";
			versionGroupType = wrapper.xcdatamodel;
		};
/* End XCVersionGroup section */
	};
	rootObject = 3F0F5C4E29F70B7100377422 /* Project object */;
}
